{
  "name": "component-docs-monorepo",
  "version": "0.0.1",
  "lockfileVersion": 3,
  "requires": true,
  "packages": {
    "": {
      "name": "component-docs-monorepo",
      "version": "0.0.1",
      "devDependencies": {
        "prettier": "^3.8.3",
        "prettier-plugin-tailwindcss": "^0.8.0",
        "turbo": "^2.9.18",
        "typescript": "~6"
      },
      "engines": {
        "node": ">=20"
      }
    },
    "node_modules/@turbo/darwin-64": {
      "version": "2.10.5",
      "resolved": "https://registry.npmjs.org/@turbo/darwin-64/-/darwin-64-2.10.5.tgz",
      "integrity": "sha512-ENvPwy3x5yS7MwNYHeWjqOBXkwIMp39Pd+/zXC6PoiNzF8EIvvLZOZZ+ny6L9x4WgS5vxUii2LM5gM+zjPdnWw==",
      "cpu": [
        "x64"
      ],
      "dev": true,
      "license": "MIT",
      "optional": true,
      "os": [
        "darwin"
      ]
    },
    "node_modules/@turbo/darwin-arm64": {
      "version": "2.10.5",
      "resolved": "https://registry.npmjs.org/@turbo/darwin-arm64/-/darwin-arm64-2.10.5.tgz",
      "integrity": "sha512-rqROo9zsF/P9RqsdtbLD1nFJicjSrYyvQ9kNJC38AbxA3pAs6VAlATvtvOFx7bqOv6vicf20SP9kF33avJjy2w==",
      "cpu": [
        "arm64"
      ],
      "dev": true,
      "license": "MIT",
      "optional": true,
      "os": [
        "darwin"
      ]
    },
    "node_modules/@turbo/linux-64": {
      "version": "2.10.5",
      "resolved": "https://registry.npmjs.org/@turbo/linux-64/-/linux-64-2.10.5.tgz",
      "integrity": "sha512-RoSSiNFUxi27zLJuM9F6GyWWjHgLch9t6nwD6K0FkXRirZkTLlzIj6IhFnK8H9++nefLtdFqylE4vGjZAv6AAA==",
      "cpu": [
        "x64"
      ],
      "dev": true,
      "license": "MIT",
      "optional": true,
      "os": [
        "linux"
      ]
    },
    "node_modules/@turbo/linux-arm64": {
      "version": "2.10.5",
      "resolved": "https://registry.npmjs.org/@turbo/linux-arm64/-/linux-arm64-2.10.5.tgz",
      "integrity": "sha512-4ZComcpzmHGmVynQqvvi+iZOSq/tBvY1SltXB8g4NZRsrA01W8E+yRL8RNM+PLoyWsrCnJa8xa+DkWkv+xg4iQ==",
      "cpu": [
        "arm64"
      ],
      "dev": true,
      "license": "MIT",
      "optional": true,
      "os": [
        "linux"
      ]
    },
    "node_modules/@turbo/windows-64": {
      "version": "2.10.5",
      "resolved": "https://registry.npmjs.org/@turbo/windows-64/-/windows-64-2.10.5.tgz",
      "integrity": "sha512-eL2Iyj4DbMINq1Sr1w0iAi6nAiZOF16KSlRGwCJpVh+IWZeY33MAsLHVOBMj1xoFtncVJXclCVpTPL2nBoYkFg==",
      "cpu": [
        "x64"
      ],
      "dev": true,
      "license": "MIT",
      "optional": true,
      "os": [
        "win32"
      ]
    },
    "node_modules/@turbo/windows-arm64": {
      "version": "2.10.5",
      "resolved": "https://registry.npmjs.org/@turbo/windows-arm64/-/windows-arm64-2.10.5.tgz",
      "integrity": "sha512-sog+wP+8YSJrdWZ/rUJg8xghVTrwoG+BrSlDQpnK5fzSgJHn1INRWXbVWRH0d3vX8dBI01E3yxXRre9Dn+OXQA==",
      "cpu": [
        "arm64"
      ],
      "dev": true,
      "license": "MIT",
      "optional": true,
      "os": [
        "win32"
      ]
    },
    "node_modules/prettier": {
      "version": "3.9.6",
      "resolved": "https://registry.npmjs.org/prettier/-/prettier-3.9.6.tgz",
      "integrity": "sha512-OpN0zzVdiaiAhxpuuj5efpIS4sY9j7bY6uR5mnj5yPzGkdkjNKSJeUThPb60Jw29QuAZgA4o+/iB49kFiaBX6g==",
      "dev": true,
      "license": "MIT",
      "bin": {
        "prettier": "bin/prettier.cjs"
      },
      "engines": {
        "node": ">=14"
      },
      "funding": {
        "url": "https://github.com/prettier/prettier?sponsor=1"
      }
    },
    "node_modules/prettier-plugin-tailwindcss": {
      "version": "0.8.1",
      "resolved": "https://registry.npmjs.org/prettier-plugin-tailwindcss/-/prettier-plugin-tailwindcss-0.8.1.tgz",
      "integrity": "sha512-iaFMYqDsE4ffdDkn5qup0j5f2aCEBFZrdrZnvu9QKTlWx/iGPeQ4HHu7b7fCPMxeo9nwQBiOAh2nSypdFYWJkw==",
      "dev": true,
      "license": "MIT",
      "engines": {
        "node": ">=20.19"
      },
      "peerDependencies": {
        "@ianvs/prettier-plugin-sort-imports": "*",
        "@prettier/plugin-hermes": "*",
        "@prettier/plugin-oxc": "*",
        "@prettier/plugin-pug": "*",
        "@shopify/prettier-plugin-liquid": "*",
        "@trivago/prettier-plugin-sort-imports": "*",
        "@zackad/prettier-plugin-twig": "*",
        "prettier": "^3.0",
        "prettier-plugin-astro": "*",
        "prettier-plugin-css-order": "*",
        "prettier-plugin-jsdoc": "*",
        "prettier-plugin-marko": "*",
        "prettier-plugin-multiline-arrays": "*",
        "prettier-plugin-organize-attributes": "*",
        "prettier-plugin-organize-imports": "*",
        "prettier-plugin-sort-imports": "*",
        "prettier-plugin-svelte": "*"
      },
      "peerDependenciesMeta": {
        "@ianvs/prettier-plugin-sort-imports": {
          "optional": true
        },
        "@prettier/plugin-hermes": {
          "optional": true
        },
        "@prettier/plugin-oxc": {
          "optional": true
        },
        "@prettier/plugin-pug": {
          "optional": true
        },
        "@shopify/prettier-plugin-liquid": {
          "optional": true
        },
        "@trivago/prettier-plugin-sort-imports": {
          "optional": true
        },
        "@zackad/prettier-plugin-twig": {
          "optional": true
        },
        "prettier-plugin-astro": {
          "optional": true
        },
        "prettier-plugin-css-order": {
          "optional": true
        },
        "prettier-plugin-jsdoc": {
          "optional": true
        },
        "prettier-plugin-marko": {
          "optional": true
        },
        "prettier-plugin-multiline-arrays": {
          "optional": true
        },
        "prettier-plugin-organize-attributes": {
          "optional": true
        },
        "prettier-plugin-organize-imports": {
          "optional": true
        },
        "prettier-plugin-sort-imports": {
          "optional": true
        },
        "prettier-plugin-svelte": {
          "optional": true
        }
      }
    },
    "node_modules/turbo": {
      "version": "2.10.5",
      "resolved": "https://registry.npmjs.org/turbo/-/turbo-2.10.5.tgz",
      "integrity": "sha512-07Y/C7OUp23l4P92PJoYtFNbHjLhftrZH5Ce7dbczS4kX2Re+wtbXvZLoxn/pUtzgsQaRCBaRuZPJp4zmAn0WQ==",
      "dev": true,
      "license": "MIT",
      "bin": {
        "turbo": "bin/turbo"
      },
      "optionalDependencies": {
        "@turbo/darwin-64": "2.10.5",
        "@turbo/darwin-arm64": "2.10.5",
        "@turbo/linux-64": "2.10.5",
        "@turbo/linux-arm64": "2.10.5",
        "@turbo/windows-64": "2.10.5",
        "@turbo/windows-arm64": "2.10.5"
      }
    },
    "node_modules/typescript": {
      "version": "6.0.3",
      "resolved": "https://registry.npmjs.org/typescript/-/typescript-6.0.3.tgz",
      "integrity": "sha512-y2TvuxSZPDyQakkFRPZHKFm+KKVqIisdg9/CZwm9ftvKXLP8NRWj38/ODjNbr43SsoXqNuAisEf1GdCxqWcdBw==",
      "dev": true,
      "license": "Apache-2.0",
      "bin": {
        "tsc": "bin/tsc",
        "tsserver": "bin/tsserver"
      },
      "engines": {
        "node": ">=14.17"
      }
    }
  }
}
